{
    "_readme": [
        "This file locks the dependencies of your project to a known state",
        "Read more about it at https://getcomposer.org/doc/01-basic-usage.md#installing-dependencies",
        "This file is @generated automatically"
    ],
    "content-hash": "a2d0cdf7ca35ec87278bf82e2a437d8b",
    "packages": [
        {
            "name": "aura/accept",
            "version": "2.x-dev",
            "source": {
                "type": "git",
                "url": "https://github.com/auraphp/Aura.Accept.git",
                "reference": "e7959639b7014501f9dfb886e85ba0f765501fde"
            },
            "dist": {
                "type": "zip",
                "url": "https://api.github.com/repos/auraphp/Aura.Accept/zipball/e7959639b7014501f9dfb886e85ba0f765501fde",
                "reference": "e7959639b7014501f9dfb886e85ba0f765501fde",
                "shasum": ""
            },
            "require": {
                "php": ">=5.3.0"
            },
            "require-dev": {
                "aura/di": "~2.0",
                "phpunit/phpunit": "~5.7 || ~4.8"
            },
            "type": "library",
            "extra": {
                "aura": {
                    "type": "library",
                    "config": {
                        "common": "Aura\\Accept\\_Config\\Common"
                    }
                }
            },
            "autoload": {
                "psr-4": {
                    "Aura\\Accept\\": "src/",
                    "Aura\\Accept\\_Config\\": "config/"
                }
            },
            "notification-url": "https://packagist.org/downloads/",
            "license": [
                "BSD-2-Clause"
            ],
            "authors": [
                {
                    "name": "Aura.Accept Contributors",
                    "homepage": "https://github.com/auraphp/Aura.Accept/contributors"
                }
            ],
            "description": "Provides content-negotiation tools using Accept* headers.",
            "homepage": "https://github.com/auraphp/Aura.Accept",
            "keywords": [
                "accept",
                "accept-charset",
                "accept-encoding",
                "accept-language",
                "content negotiation",
                "content type",
                "media type"
            ],
            "time": "2017-10-06T13:08:53+00:00"
        },
        {
            "name": "aura/auth",
            "version": "2.x-dev",
            "source": {
                "type": "git",
                "url": "https://github.com/auraphp/Aura.Auth.git",
                "reference": "624fc819c7f329f8a269a219cfabe252573005a2"
            },
            "dist": {
                "type": "zip",
                "url": "https://api.github.com/repos/auraphp/Aura.Auth/zipball/624fc819c7f329f8a269a219cfabe252573005a2",
                "reference": "624fc819c7f329f8a269a219cfabe252573005a2",
                "shasum": ""
            },
            "require": {
                "php": ">=5.3.0"
            },
            "require-dev": {
                "aura/di": "~2.0",
                "phpunit/phpunit": "~5.7 || ~4.8"
            },
            "suggest": {
                "ext/imap": "For IMAP/POP/NNTP integration.",
                "ext/ldap": "For LDAP integration.",
                "ircmaxell/password-compat": "Provides password_verify() for PHP versions earlier than 5.5"
            },
            "type": "library",
            "extra": {
                "aura": {
                    "type": "library",
                    "config": {
                        "common": "Aura\\Auth\\_Config\\Common"
                    }
                }
            },
            "autoload": {
                "psr-4": {
                    "Aura\\Auth\\": "src/",
                    "Aura\\Auth\\_Config\\": "config/"
                }
            },
            "notification-url": "https://packagist.org/downloads/",
            "license": [
                "BSD-2-Clause"
            ],
            "authors": [
                {
                    "name": "Aura.Auth Contributors",
                    "homepage": "https://github.com/auraphp/Aura.Auth/contributors"
                }
            ],
            "description": "Provides a unified interface to authenticate a user with local or remote authentication systems.",
            "homepage": "https://github.com/auraphp/Aura.Auth",
            "keywords": [
                "Authentication",
                "auth",
                "authenticate"
            ],
            "time": "2018-03-30T17:40:39+00:00"
        },
        {
            "name": "aura/di",
            "version": "2.x-dev",
            "source": {
                "type": "git",
                "url": "https://github.com/auraphp/Aura.Di.git",
                "reference": "81d5d9c602ca292a16e32001dcbd2adab5350e28"
            },
            "dist": {
                "type": "zip",
                "url": "https://api.github.com/repos/auraphp/Aura.Di/zipball/81d5d9c602ca292a16e32001dcbd2adab5350e28",
                "reference": "81d5d9c602ca292a16e32001dcbd2adab5350e28",
                "shasum": ""
            },
            "require": {
                "php": ">=5.3.0"
            },
            "type": "library",
            "extra": {
                "aura": {
                    "type": "library"
                }
            },
            "autoload": {
                "psr-4": {
                    "Aura\\Di\\": "src/"
                }
            },
            "notification-url": "https://packagist.org/downloads/",
            "license": [
                "BSD-2-Clause"
            ],
            "authors": [
                {
                    "name": "Aura.Di Contributors",
                    "homepage": "https://github.com/auraphp/Aura.Di/contributors"
                }
            ],
            "description": "Provides a dependency injection container system with native support for constructor- and setter-based injection, lazy-loading of services, and inheritable configuration of setters and constructor params.",
            "homepage": "https://github.com/auraphp/Aura.Di",
            "keywords": [
                "container",
                "dependency injection",
                "dependency injection container",
                "di",
                "di container"
            ],
            "time": "2016-01-21T09:34:53+00:00"
        },
        {
            "name": "aura/html",
            "version": "2.1.1",
            "source": {
                "type": "git",
                "url": "https://github.com/auraphp/Aura.Html.git",
                "reference": "9bfde1c099d4c5b363db363a35e34047ed910507"
            },
            "dist": {
                "type": "zip",
                "url": "https://api.github.com/repos/auraphp/Aura.Html/zipball/9bfde1c099d4c5b363db363a35e34047ed910507",
                "reference": "9bfde1c099d4c5b363db363a35e34047ed910507",
                "shasum": ""
            },
            "require": {
                "php": ">=5.3.0"
            },
            "type": "library",
            "extra": {
                "aura": {
                    "type": "library",
                    "config": {
                        "common": "Aura\\Html\\_Config\\Common"
                    }
                },
                "branch-alias": {
                    "dev-develop-2": "2.0.x-dev"
                }
            },
            "autoload": {
                "psr-4": {
                    "Aura\\Html\\": "src/",
                    "Aura\\Html\\_Config\\": "config/"
                }
            },
            "notification-url": "https://packagist.org/downloads/",
            "license": [
                "BSD-2-Clause"
            ],
            "authors": [
                {
                    "name": "Aura.Html Contributors",
                    "homepage": "https://github.com/auraphp/Aura.Html/contributors"
                }
            ],
            "description": "Provides HTML escapers and helpers, including form input helpers.",
            "homepage": "https://github.com/auraphp/Aura.Html",
            "keywords": [
                "Escape",
                "escaper",
                "escapers",
                "escaping",
                "form",
                "helper",
                "helpers",
                "html",
                "input"
            ],
            "time": "2014-11-07T15:48:57+00:00"
        },
        {
            "name": "aura/installer-default",
            "version": "1.0.0",
            "source": {
                "type": "git",
                "url": "https://github.com/auraphp/installer-default.git",
                "reference": "52f8de3670cc1ef45a916f40f732937436d028c8"
            },
            "dist": {
                "type": "zip",
                "url": "https://api.github.com/repos/auraphp/installer-default/zipball/52f8de3670cc1ef45a916f40f732937436d028c8",
                "reference": "52f8de3670cc1ef45a916f40f732937436d028c8",
                "shasum": ""
            },
            "type": "composer-installer",
            "extra": {
                "class": "Aura\\Composer\\DefaultInstaller"
            },
            "autoload": {
                "psr-0": {
                    "Aura\\Composer\\": "src/"
                }
            },
            "notification-url": "https://packagist.org/downloads/",
            "license": [
                "BSD-2-Clause"
            ],
            "authors": [
                {
                    "name": "Paul M. Jones",
                    "email": "pmjones88@gmail.com",
                    "homepage": "http://paul-m-jones.com"
                }
            ],
            "description": "Installs Aura packages using the Composer defaults.",
            "keywords": [
                "aura",
                "installer"
            ],
            "time": "2012-11-26T21:35:57+00:00"
        },
        {
            "name": "aura/payload",
            "version": "3.x-dev",
            "source": {
                "type": "git",
                "url": "https://github.com/auraphp/Aura.Payload.git",
                "reference": "33f3684099fa7a25c9d21a41df00abc712c4f461"
            },
            "dist": {
                "type": "zip",
                "url": "https://api.github.com/repos/auraphp/Aura.Payload/zipball/33f3684099fa7a25c9d21a41df00abc712c4f461",
                "reference": "33f3684099fa7a25c9d21a41df00abc712c4f461",
                "shasum": ""
            },
            "require": {
                "aura/payload-interface": "~3.0",
                "php": ">=5.5.0"
            },
            "type": "library",
            "autoload": {
                "psr-4": {
                    "Aura\\Payload\\": "src/"
                }
            },
            "notification-url": "https://packagist.org/downloads/",
            "license": [
                "MIT"
            ],
            "authors": [
                {
                    "name": "Aura.Payload Contributors",
                    "homepage": "https://github.com/auraphp/Aura.Payload/contributors"
                }
            ],
            "description": "A Domain Payload implementation.",
            "homepage": "https://github.com/auraphp/Aura.Payload",
            "keywords": [
                "ddd",
                "domain",
                "payload"
            ],
            "time": "2018-04-08T20:39:28+00:00"
        },
        {
            "name": "aura/payload-interface",
            "version": "3.x-dev",
            "source": {
                "type": "git",
                "url": "https://github.com/auraphp/Aura.Payload_Interface.git",
                "reference": "c5379aa6675a0326bf16e0d43c54ef15bd4fdb1a"
            },
            "dist": {
                "type": "zip",
                "url": "https://api.github.com/repos/auraphp/Aura.Payload_Interface/zipball/c5379aa6675a0326bf16e0d43c54ef15bd4fdb1a",
                "reference": "c5379aa6675a0326bf16e0d43c54ef15bd4fdb1a",
                "shasum": ""
            },
            "require": {
                "php": ">=5.5.0"
            },
            "require-dev": {
                "pds/skeleton": "^1.0",
                "phpunit/phpunit": "~5.7 || ~4.8"
            },
            "type": "library",
            "autoload": {
                "psr-4": {
                    "Aura\\Payload_Interface\\": "src/"
                }
            },
            "notification-url": "https://packagist.org/downloads/",
            "license": [
                "MIT"
            ],
            "authors": [
                {
                    "name": "Aura.Payload_Interface Contributors",
                    "homepage": "https://github.com/auraphp/Aura.Payload_Interface/contributors"
                }
            ],
            "description": "An interface package for Domain Payload implementations.",
            "homepage": "https://github.com/auraphp/Aura.Payload_Interface",
            "keywords": [
                "ddd",
                "domain",
                "payload"
            ],
            "time": "2017-07-26T15:02:59+00:00"
        },
        {
            "name": "aura/router",
            "version": "2.x-dev",
            "source": {
                "type": "git",
                "url": "https://github.com/auraphp/Aura.Router.git",
                "reference": "01f03f74e8870055133b74585b99cf909e4b466d"
            },
            "dist": {
                "type": "zip",
                "url": "https://api.github.com/repos/auraphp/Aura.Router/zipball/01f03f74e8870055133b74585b99cf909e4b466d",
                "reference": "01f03f74e8870055133b74585b99cf909e4b466d",
                "shasum": ""
            },
            "require": {
                "php": ">=5.3.0"
            },
            "require-dev": {
                "aura/di": "~2.0",
                "phpunit/phpunit": "~5.7 || ~4.8"
            },
            "type": "library",
            "extra": {
                "aura": {
                    "type": "library",
                    "config": {
                        "common": "Aura\\Router\\_Config\\Common"
                    }
                }
            },
            "autoload": {
                "psr-4": {
                    "Aura\\Router\\": "src/",
                    "Aura\\Router\\_Config\\": "config/"
                }
            },
            "notification-url": "https://packagist.org/downloads/",
            "license": [
                "BSD-2-Clause"
            ],
            "authors": [
                {
                    "name": "Aura.Router Contributors",
                    "homepage": "https://github.com/auraphp/Aura.Router/contributors"
                }
            ],
            "description": "A web router implementation; given a URI path and a copy of $_SERVER, it will extract path-info parameter values for a specific route.",
            "homepage": "https://github.com/auraphp/Aura.Router",
            "keywords": [
                "route",
                "router",
                "routing"
            ],
            "time": "2017-02-24T21:05:28+00:00"
        },
        {
            "name": "aura/session",
            "version": "1.0.2",
            "source": {
                "type": "git",
                "url": "https://github.com/auraphp/Aura.Session.git",
                "reference": "8f817ec812eb21d083d76167b7ec4d80a6fca6b0"
            },
            "dist": {
                "type": "zip",
                "url": "https://api.github.com/repos/auraphp/Aura.Session/zipball/8f817ec812eb21d083d76167b7ec4d80a6fca6b0",
                "reference": "8f817ec812eb21d083d76167b7ec4d80a6fca6b0",
                "shasum": ""
            },
            "require": {
                "aura/installer-default": "1.0.*",
                "php": ">=5.4.0"
            },
            "type": "aura-package",
            "autoload": {
                "psr-0": {
                    "Aura\\Session": "src/"
                }
            },
            "notification-url": "https://packagist.org/downloads/",
            "license": [
                "BSD-2-Clause"
            ],
            "authors": [
                {
                    "name": "Paul M. Jones",
                    "email": "pmjones88@gmail.com",
                    "homepage": "http://paul-m-jones.com"
                },
                {
                    "name": "Hari KT",
                    "email": "kthari85@gmail.com",
                    "homepage": "http://harikt.com"
                },
                {
                    "name": "Akihito Koriyama",
                    "email": "akihito.koriyama@gmail.com",
                    "homepage": "http://www.kumasystem.com",
                    "role": "Lead"
                },
                {
                    "name": "Aura.Session Contributors",
                    "homepage": "https://github.com/auraphp/Aura.Session/contributors"
                }
            ],
            "description": "The Aura Session provides session management functionality, including session\nsegments, read-once (\"flash\") values, CSRF tools, and lazy session starting.",
            "homepage": "http://auraphp.com/Aura.Session",
            "keywords": [
                "session",
                "sessions"
            ],
            "time": "2014-05-31T00:00:00+00:00"
        },
        {
            "name": "aura/sql",
            "version": "2.x-dev",
            "source": {
                "type": "git",
                "url": "https://github.com/auraphp/Aura.Sql.git",
                "reference": "16206efbe5ba63603fe3b18ba54a4c5296cd5f3e"
            },
            "dist": {
                "type": "zip",
                "url": "https://api.github.com/repos/auraphp/Aura.Sql/zipball/16206efbe5ba63603fe3b18ba54a4c5296cd5f3e",
                "reference": "16206efbe5ba63603fe3b18ba54a4c5296cd5f3e",
                "shasum": ""
            },
            "require": {
                "php": ">=5.3.0"
            },
            "require-dev": {
                "phpunit/phpunit": "~5.7 || ~4.8"
            },
            "type": "library",
            "extra": {
                "aura": {
                    "type": "library"
                }
            },
            "autoload": {
                "psr-4": {
                    "Aura\\Sql\\": "src/"
                }
            },
            "notification-url": "https://packagist.org/downloads/",
            "license": [
                "BSD-2-Clause"
            ],
            "authors": [
                {
                    "name": "Aura.Sql Contributors",
                    "homepage": "https://github.com/auraphp/Aura.Sql/contributors"
                }
            ],
            "description": "A PDO extension that provides lazy connections, array quoting, identifier quoting, query profiling, value binding, and convenience methods for common fetch styles. Because it extends PDO, existing code that uses PDO can use this without any changes to the existing code.",
            "homepage": "https://github.com/auraphp/Aura.Sql",
            "keywords": [
                "mysql",
                "pdo",
                "pgsql",
                "postgres",
                "postgresql",
                "sql server",
                "sqlite",
                "sqlserver",
                "sqlsrv"
            ],
            "time": "2018-08-15T13:33:56+00:00"
        },
        {
            "name": "aura/sqlquery",
            "version": "2.x-dev",
            "source": {
                "type": "git",
                "url": "https://github.com/auraphp/Aura.SqlQuery.git",
                "reference": "f13b8ede54b2d7015e26d99113d27dff3c2443d6"
            },
            "dist": {
                "type": "zip",
                "url": "https://api.github.com/repos/auraphp/Aura.SqlQuery/zipball/f13b8ede54b2d7015e26d99113d27dff3c2443d6",
                "reference": "f13b8ede54b2d7015e26d99113d27dff3c2443d6",
                "shasum": ""
            },
            "require": {
                "php": ">=5.3.9"
            },
            "require-dev": {
                "phpunit/phpunit": "~5.7 || ~4.8"
            },
            "suggest": {
                "aura/sql": "Provides an extension to the native PDO along with a profiler and connection locator. Use version 2.*."
            },
            "type": "library",
            "extra": {
                "aura": {
                    "type": "library"
                }
            },
            "autoload": {
                "psr-4": {
                    "Aura\\SqlQuery\\": "src/"
                }
            },
            "notification-url": "https://packagist.org/downloads/",
            "license": [
                "BSD-2-Clause"
            ],
            "authors": [
                {
                    "name": "Aura.SqlQuery Contributors",
                    "homepage": "https://github.com/auraphp/Aura.SqlQuery/contributors"
                }
            ],
            "description": "Object-oriented query builders for MySQL, Postgres, SQLite, and SQLServer; can be used with any database connection library.",
            "homepage": "https://github.com/auraphp/Aura.SqlQuery",
            "keywords": [
                "database",
                "db",
                "delete",
                "dml",
                "insert",
                "mysql",
                "pdo",
                "pgsql",
                "postgres",
                "postgresql",
                "query",
                "select",
                "sql",
                "sql server",
                "sqlite",
                "sqlserver",
                "update"
            ],
            "time": "2017-11-29T17:46:10+00:00"
        },
        {
            "name": "aura/view",
            "version": "2.0.1",
            "source": {
                "type": "git",
                "url": "https://github.com/auraphp/Aura.View.git",
                "reference": "7f50fb1c3f993c2887fa161d8312374945663be3"
            },
            "dist": {
                "type": "zip",
                "url": "https://api.github.com/repos/auraphp/Aura.View/zipball/7f50fb1c3f993c2887fa161d8312374945663be3",
                "reference": "7f50fb1c3f993c2887fa161d8312374945663be3",
                "shasum": ""
            },
            "require": {
                "php": ">=5.4.0"
            },
            "type": "library",
            "extra": {
                "aura": {
                    "type": "library",
                    "config": {
                        "common": "Aura\\View\\_Config\\Common"
                    }
                },
                "branch-alias": {
                    "dev-develop-2": "2.0.x-dev"
                }
            },
            "autoload": {
                "psr-4": {
                    "Aura\\View\\": "src/",
                    "Aura\\View\\_Config\\": "config/"
                }
            },
            "notification-url": "https://packagist.org/downloads/",
            "license": [
                "BSD-2-Clause"
            ],
            "authors": [
                {
                    "name": "Aura.View Contributors",
                    "homepage": "https://github.com/auraphp/Aura.View/contributors"
                }
            ],
            "description": "Provides an implementation of the TemplateView and TwoStepView patterns, with support for helpers and for closures as templates, using PHP itself as the templating language.",
            "homepage": "https://github.com/auraphp/Aura.View",
            "keywords": [
                "Escape",
                "escaper",
                "escaping",
                "template",
                "template view",
                "two step view",
                "two-step view",
                "twostep view",
                "view"
            ],
            "time": "2014-11-07T16:31:30+00:00"
        },
        {
            "name": "aura/web",
            "version": "2.x-dev",
            "source": {
                "type": "git",
                "url": "https://github.com/auraphp/Aura.Web.git",
                "reference": "6aa9f316e8d6f7f6e29577aa3c7bf4493a89bdd6"
            },
            "dist": {
                "type": "zip",
                "url": "https://api.github.com/repos/auraphp/Aura.Web/zipball/6aa9f316e8d6f7f6e29577aa3c7bf4493a89bdd6",
                "reference": "6aa9f316e8d6f7f6e29577aa3c7bf4493a89bdd6",
                "shasum": ""
            },
            "require": {
                "php": ">=5.3.0"
            },
            "require-dev": {
                "aura/di": "~2.0"
            },
            "type": "library",
            "extra": {
                "aura": {
                    "type": "library",
                    "config": {
                        "common": "Aura\\Web\\_Config\\Common"
                    }
                }
            },
            "autoload": {
                "psr-4": {
                    "Aura\\Web\\": "src/",
                    "Aura\\Web\\_Config\\": "config/"
                }
            },
            "notification-url": "https://packagist.org/downloads/",
            "license": [
                "BSD-2-Clause"
            ],
            "authors": [
                {
                    "name": "Aura.Web Contributors",
                    "homepage": "https://github.com/auraphp/Aura.Web/contributors"
                }
            ],
            "description": "Provides web Request and Response objects for use by web controllers and actions. These are representations of the PHP web environment, not HTTP request and response objects proper.",
            "homepage": "https://github.com/auraphp/Aura.Web",
            "keywords": [
                "request",
                "response"
            ],
            "time": "2017-02-09T17:05:11+00:00"
        },
        {
            "name": "league/booboo",
            "version": "1.0.0",
            "source": {
                "type": "git",
                "url": "https://github.com/thephpleague/booboo.git",
                "reference": "50008c980c5f710599705cb6758723588e875133"
            },
            "dist": {
                "type": "zip",
                "url": "https://api.github.com/repos/thephpleague/booboo/zipball/50008c980c5f710599705cb6758723588e875133",
                "reference": "50008c980c5f710599705cb6758723588e875133",
                "shasum": ""
            },
            "require": {
                "php": ">=5.4.0",
                "psr/log": "~1.0"
            },
            "require-dev": {
                "mockery/mockery": "~0.9",
                "phpunit/phpunit": "~4.3",
                "raven/raven": "0.10.0"
            },
            "suggest": {
                "raven/raven": "Use Raven for passing errors to Sentry."
            },
            "type": "library",
            "autoload": {
                "psr-4": {
                    "League\\BooBoo\\": "src/"
                }
            },
            "notification-url": "https://packagist.org/downloads/",
            "license": [
                "MIT"
            ],
            "authors": [
                {
                    "name": "Brandon Savage",
                    "homepage": "https://www.brandonsavage.net/"
                }
            ],
            "description": "Provides an error handler for PHP that can execute a stack of handlers for various purposes.",
            "time": "2015-02-25T19:12:30+00:00"
        },
        {
            "name": "modus/config",
            "version": "1.0",
            "source": {
                "type": "git",
                "url": "https://github.com/modusphp/config.git",
                "reference": "239d8f3d1db2afa11e3b6fedc2527f7f3edc1bbd"
            },
            "dist": {
                "type": "zip",
                "url": "https://api.github.com/repos/modusphp/config/zipball/239d8f3d1db2afa11e3b6fedc2527f7f3edc1bbd",
                "reference": "239d8f3d1db2afa11e3b6fedc2527f7f3edc1bbd",
                "shasum": ""
            },
            "require": {
                "vlucas/phpdotenv": "^2.0"
            },
            "require-dev": {
                "mockery/mockery": "0.9.0",
                "phpunit/phpunit": "4.3"
            },
            "type": "library",
            "autoload": {
                "psr-4": {
                    "Modus\\Config\\": "src"
                }
            },
            "notification-url": "https://packagist.org/downloads/",
            "license": [
                "MIT"
            ],
            "authors": [
                {
                    "name": "Brandon Savage",
                    "email": "brandon@brandonsavage.net"
                }
            ],
            "description": "The Modus Configuration class, supporting various local and global configuration settings for the Modus framework.",
            "time": "2015-10-10T00:01:47+00:00"
        },
        {
            "name": "modus/framework",
            "version": "dev-master",
            "source": {
                "type": "git",
                "url": "https://github.com/modusphp/framework.git",
                "reference": "13efbe43dcf8e2fd88e785af37f7e13d54a77027"
            },
            "dist": {
                "type": "zip",
                "url": "https://api.github.com/repos/modusphp/framework/zipball/13efbe43dcf8e2fd88e785af37f7e13d54a77027",
                "reference": "13efbe43dcf8e2fd88e785af37f7e13d54a77027",
                "shasum": ""
            },
            "require": {
                "aura/accept": "~2.0",
                "aura/auth": "~2.0",
                "aura/di": "~2.1",
                "aura/html": "~2.1.0",
                "aura/payload": "^3.0",
                "aura/router": "~2.0",
                "aura/session": "~1.0.1",
                "aura/sql": "~2.0",
                "aura/sqlquery": "~2.0",
                "aura/view": "~2.0.0",
                "aura/web": "~2.0",
                "league/booboo": "~1.0",
                "modus/config": "~1.0",
                "monolog/monolog": "~1.5",
                "pagerfanta/pagerfanta": "v1.0.1",
                "php": ">=7.1.0"
            },
            "require-dev": {
                "mockery/mockery": "1.2.0",
                "phpunit/phpunit": "7.*"
            },
            "type": "library",
            "autoload": {
                "psr-4": {
                    "Modus\\": "src"
                }
            },
            "notification-url": "https://packagist.org/downloads/",
            "license": [
                "MIT"
            ],
            "description": "The Modus framework, providing basic support for many components of Aura and other libraries.",
            "time": "2018-12-14T20:00:18+00:00"
        },
        {
            "name": "monolog/monolog",
            "version": "1.x-dev",
            "source": {
                "type": "git",
                "url": "https://github.com/Seldaek/monolog.git",
                "reference": "68f536105f1e4fe439ccabac105bb1c90dee8b92"
            },
            "dist": {
                "type": "zip",
                "url": "https://api.github.com/repos/Seldaek/monolog/zipball/68f536105f1e4fe439ccabac105bb1c90dee8b92",
                "reference": "68f536105f1e4fe439ccabac105bb1c90dee8b92",
                "shasum": ""
            },
            "require": {
                "php": ">=5.3.0",
                "psr/log": "~1.0"
            },
            "provide": {
                "psr/log-implementation": "1.0.0"
            },
            "require-dev": {
                "aws/aws-sdk-php": "^2.4.9 || ^3.0",
                "doctrine/couchdb": "~1.0@dev",
                "graylog2/gelf-php": "~1.0",
                "jakub-onderka/php-parallel-lint": "0.9",
                "php-amqplib/php-amqplib": "~2.4",
                "php-console/php-console": "^3.1.3",
                "phpunit/phpunit": "~4.5",
                "phpunit/phpunit-mock-objects": "2.3.0",
                "ruflin/elastica": ">=0.90 <3.0",
                "sentry/sentry": "^0.13",
                "swiftmailer/swiftmailer": "^5.3|^6.0"
            },
            "suggest": {
                "aws/aws-sdk-php": "Allow sending log messages to AWS services like DynamoDB",
                "doctrine/couchdb": "Allow sending log messages to a CouchDB server",
                "ext-amqp": "Allow sending log messages to an AMQP server (1.0+ required)",
                "ext-mongo": "Allow sending log messages to a MongoDB server",
                "graylog2/gelf-php": "Allow sending log messages to a GrayLog2 server",
                "mongodb/mongodb": "Allow sending log messages to a MongoDB server via PHP Driver",
                "php-amqplib/php-amqplib": "Allow sending log messages to an AMQP server using php-amqplib",
                "php-console/php-console": "Allow sending log messages to Google Chrome",
                "rollbar/rollbar": "Allow sending log messages to Rollbar",
                "ruflin/elastica": "Allow sending log messages to an Elastic Search server",
                "sentry/sentry": "Allow sending log messages to a Sentry server"
            },
            "type": "library",
            "extra": {
                "branch-alias": {
                    "dev-master": "2.0.x-dev"
                }
            },
            "autoload": {
                "psr-4": {
                    "Monolog\\": "src/Monolog"
                }
            },
            "notification-url": "https://packagist.org/downloads/",
            "license": [
                "MIT"
            ],
            "authors": [
                {
                    "name": "Jordi Boggiano",
                    "email": "j.boggiano@seld.be",
                    "homepage": "http://seld.be"
                }
            ],
            "description": "Sends your logs to files, sockets, inboxes, databases and various web services",
            "homepage": "http://github.com/Seldaek/monolog",
            "keywords": [
                "log",
                "logging",
                "psr-3"
            ],
            "time": "2018-12-11T10:11:11+00:00"
        },
        {
            "name": "pagerfanta/pagerfanta",
            "version": "v1.0.1",
            "source": {
                "type": "git",
                "url": "https://github.com/whiteoctober/Pagerfanta.git",
                "reference": "9568187b789a39a3933c71e4e28b60fc2c26b70d"
            },
            "dist": {
                "type": "zip",
                "url": "https://api.github.com/repos/whiteoctober/Pagerfanta/zipball/9568187b789a39a3933c71e4e28b60fc2c26b70d",
                "reference": "9568187b789a39a3933c71e4e28b60fc2c26b70d",
                "shasum": ""
            },
            "require": {
                "php": ">=5.3.0"
            },
            "require-dev": {
                "doctrine/mongodb-odm": "*",
                "doctrine/orm": "2.*",
                "mandango/mandango": "*",
                "propel/propel1": "~1.6",
                "solarium/solarium": "dev-develop"
            },
            "suggest": {
                "doctrine/mongodb-odm": "To use the DoctrineODMMongoDBAdapter.",
                "doctrine/orm": "To use the DoctrineORMAdapter.",
                "mandango/mandango": "To use the MandangoAdapter.",
                "propel/propel1": "To use the PropelAdapter",
                "solarium/solarium": "To use the SolariumAdapter."
            },
            "type": "library",
            "extra": {
                "branch-alias": {
                    "dev-master": "1.0.x-dev"
                }
            },
            "autoload": {
                "psr-0": {
                    "Pagerfanta\\": "src/"
                }
            },
            "notification-url": "https://packagist.org/downloads/",
            "license": [
                "MIT"
            ],
            "authors": [
                {
                    "name": "Pablo Díez",
                    "email": "pablodip@gmail.com"
                }
            ],
            "description": "Pagination for PHP 5.3",
            "keywords": [
                "page",
                "pagination",
                "paginator",
                "paging"
            ],
            "time": "2013-09-23T08:06:55+00:00"
        },
        {
            "name": "psr/log",
            "version": "dev-master",
            "source": {
                "type": "git",
                "url": "https://github.com/php-fig/log.git",
                "reference": "c4421fcac1edd5a324fda73e589a5cf96e52ffd0"
            },
            "dist": {
                "type": "zip",
                "url": "https://api.github.com/repos/php-fig/log/zipball/c4421fcac1edd5a324fda73e589a5cf96e52ffd0",
                "reference": "c4421fcac1edd5a324fda73e589a5cf96e52ffd0",
                "shasum": ""
            },
            "require": {
                "php": ">=5.3.0"
            },
            "type": "library",
            "extra": {
                "branch-alias": {
                    "dev-master": "1.1.x-dev"
                }
            },
            "autoload": {
                "psr-4": {
                    "Psr\\Log\\": "Psr/Log/"
                }
            },
            "notification-url": "https://packagist.org/downloads/",
            "license": [
                "MIT"
            ],
            "authors": [
                {
                    "name": "PHP-FIG",
                    "homepage": "http://www.php-fig.org/"
                }
            ],
            "description": "Common interface for logging libraries",
            "homepage": "https://github.com/php-fig/log",
            "keywords": [
                "log",
                "psr",
                "psr-3"
            ],
            "time": "2018-11-21T13:42:00+00:00"
        },
        {
            "name": "vlucas/phpdotenv",
            "version": "dev-master",
            "source": {
                "type": "git",
                "url": "https://github.com/vlucas/phpdotenv.git",
                "reference": "cfd5dc225767ca154853752abc93aeec040fcf36"
            },
            "dist": {
                "type": "zip",
                "url": "https://api.github.com/repos/vlucas/phpdotenv/zipball/cfd5dc225767ca154853752abc93aeec040fcf36",
                "reference": "cfd5dc225767ca154853752abc93aeec040fcf36",
                "shasum": ""
            },
            "require": {
                "php": ">=5.3.9"
            },
            "require-dev": {
                "phpunit/phpunit": "^4.8.35 || ^5.0"
            },
            "type": "library",
            "extra": {
                "branch-alias": {
                    "dev-master": "2.5-dev"
                }
            },
            "autoload": {
                "psr-4": {
                    "Dotenv\\": "src/"
                }
            },
            "notification-url": "https://packagist.org/downloads/",
            "license": [
                "BSD-3-Clause"
            ],
            "authors": [
                {
                    "name": "Vance Lucas",
                    "email": "vance@vancelucas.com",
                    "homepage": "http://www.vancelucas.com"
                }
            ],
            "description": "Loads environment variables from `.env` to `getenv()`, `$_ENV` and `$_SERVER` automagically.",
            "keywords": [
                "dotenv",
                "env",
                "environment"
            ],
            "time": "2018-10-30T17:29:25+00:00"
        }
    ],
    "packages-dev": [
        {
            "name": "symfony/var-dumper",
            "version": "v2.6.3",
            "target-dir": "Symfony/Component/VarDumper",
            "source": {
                "type": "git",
                "url": "https://github.com/symfony/var-dumper.git",
                "reference": "36af986811340fd4c1bc39cf848da388bbdd8473"
            },
            "dist": {
                "type": "zip",
                "url": "https://api.github.com/repos/symfony/var-dumper/zipball/36af986811340fd4c1bc39cf848da388bbdd8473",
                "reference": "36af986811340fd4c1bc39cf848da388bbdd8473",
                "shasum": ""
            },
            "require": {
                "php": ">=5.3.3"
            },
            "suggest": {
                "ext-symfony_debug": ""
            },
            "type": "library",
            "extra": {
                "branch-alias": {
                    "dev-master": "2.6-dev"
                }
            },
            "autoload": {
                "files": [
                    "Resources/functions/dump.php"
                ],
                "psr-0": {
                    "Symfony\\Component\\VarDumper\\": ""
                }
            },
            "notification-url": "https://packagist.org/downloads/",
            "license": [
                "MIT"
            ],
            "authors": [
                {
                    "name": "Nicolas Grekas",
                    "email": "p@tchwork.com"
                }
            ],
            "description": "Symfony mechanism for exploring and dumping PHP variables",
            "homepage": "http://symfony.com",
            "keywords": [
                "debug",
                "dump"
            ],
            "time": "2015-01-01T13:28:01+00:00"
        }
    ],
    "aliases": [],
    "minimum-stability": "dev",
    "stability-flags": {
        "modus/framework": 20
    },
    "prefer-stable": false,
    "prefer-lowest": false,
    "platform": [],
    "platform-dev": []
}
